
Microsoft Visual Studio Solution File, Format Version 12.00
# Visual Studio Version 17
VisualStudioVersion = 17.0.32126.317
MinimumVisualStudioVersion = 10.0.40219.1
Project("{F184B08F-C81C-45F6-A57F-5ABD9991F28F}") = "My Greeting", "My Greeting\My Greeting.vbproj", "{EF4C07FF-56A8-4E71-9823-97984CE7D029}"
EndProject
Global
	GlobalSection(SolutionConfigurationPlatforms) = preSolution
		Debug|Any CPU = Debug|Any CPU
		Release|Any CPU = Release|Any CPU
	EndGlobalSection
	GlobalSection(ProjectConfigurationPlatforms) = postSolution
		{EF4C07FF-56A8-4E71-9823-97984CE7D029}.Debug|Any CPU.ActiveCfg = Debug|Any CPU
		{EF4C07FF-56A8-4E71-9823-97984CE7D029}.Debug|Any CPU.Build.0 = Debug|Any CPU
		{EF4C07FF-56A8-4E71-9823-97984CE7D029}.Release|Any CPU.ActiveCfg = Release|Any CPU
		{EF4C07FF-56A8-4E71-9823-97984CE7D029}.Release|Any CPU.Build.0 = Release|Any CPU
	EndGlobalSection
	GlobalSection(SolutionProperties) = preSolution
		HideSolutionNode = FALSE
	EndGlobalSection
	GlobalSection(ExtensibilityGlobals) = postSolution
		SolutionGuid = {F493DBC1-4452-423F-A205-96C17D2DA1DF}
	EndGlobalSection
EndGlobal
